// !$*UTF8*$!
{
	archiveVersion = 1;
	classes = {
	};
	objectVersion = 45;
	objects = {

/* Begin PBXBuildFile section */
		0956EB0B0F408BFC0096310E /* CollectionWindow.h in Headers */ = {isa = PBXBuildFile; fileRef = 0956EB020F408BFC0096310E /* CollectionWindow.h */; };
		0956EB0C0F408BFC0096310E /* CollectionWindow.m in Sources */ = {isa = PBXBuildFile; fileRef = 0956EB030F408BFC0096310E /* CollectionWindow.m */; };
		0956EB0D0F408BFC0096310E /* CommonUtils.h in Headers */ = {isa = PBXBuildFile; fileRef = 0956EB040F408BFC0096310E /* CommonUtils.h */; };
		0956EB0E0F408BFC0096310E /* NSBundle+Utils.h in Headers */ = {isa = PBXBuildFile; fileRef = 0956EB050F408BFC0096310E /* NSBundle+Utils.h */; };
		0956EB0F0F408BFC0096310E /* NSBundle+Utils.m in Sources */ = {isa = PBXBuildFile; fileRef = 0956EB060F408BFC0096310E /* NSBundle+Utils.m */; };
		0956EB100F408BFC0096310E /* NSUserDefaults+Utils.h in Headers */ = {isa = PBXBuildFile; fileRef = 0956EB070F408BFC0096310E /* NSUserDefaults+Utils.h */; };
		0956EB110F408BFC0096310E /* NSUserDefaults+Utils.m in Sources */ = {isa = PBXBuildFile; fileRef = 0956EB080F408BFC0096310E /* NSUserDefaults+Utils.m */; };
		0956EB120F408BFC0096310E /* RegexKitLite.h in Headers */ = {isa = PBXBuildFile; fileRef = 0956EB090F408BFC0096310E /* RegexKitLite.h */; };
		0956EB130F408BFC0096310E /* RegexKitLite.m in Sources */ = {isa = PBXBuildFile; fileRef = 0956EB0A0F408BFC0096310E /* RegexKitLite.m */; };
		0956F1550F4455C80096310E /* UITableViewCell+NIB.h in Headers */ = {isa = PBXBuildFile; fileRef = 0956F1530F4455C80096310E /* UITableViewCell+NIB.h */; };
		0956F1560F4455C80096310E /* UITableViewCell+NIB.m in Sources */ = {isa = PBXBuildFile; fileRef = 0956F1540F4455C80096310E /* UITableViewCell+NIB.m */; };
		0956F16A0F4455F60096310E /* FormCell.h in Headers */ = {isa = PBXBuildFile; fileRef = 0956F1580F4455F60096310E /* FormCell.h */; };
		0956F16B0F4455F60096310E /* FormCell.m in Sources */ = {isa = PBXBuildFile; fileRef = 0956F1590F4455F60096310E /* FormCell.m */; };
		0956F16C0F4455F60096310E /* FormController.h in Headers */ = {isa = PBXBuildFile; fileRef = 0956F15A0F4455F60096310E /* FormController.h */; };
		0956F16D0F4455F60096310E /* FormController.m in Sources */ = {isa = PBXBuildFile; fileRef = 0956F15B0F4455F60096310E /* FormController.m */; };
		0956F16E0F4455F60096310E /* FormFieldDescriptor.h in Headers */ = {isa = PBXBuildFile; fileRef = 0956F15C0F4455F60096310E /* FormFieldDescriptor.h */; };
		0956F16F0F4455F60096310E /* FormFieldDescriptor.m in Sources */ = {isa = PBXBuildFile; fileRef = 0956F15D0F4455F60096310E /* FormFieldDescriptor.m */; };
		0956F1700F4455F60096310E /* FormTableController.h in Headers */ = {isa = PBXBuildFile; fileRef = 0956F15E0F4455F60096310E /* FormTableController.h */; };
		0956F1710F4455F60096310E /* FormTableController.m in Sources */ = {isa = PBXBuildFile; fileRef = 0956F15F0F4455F60096310E /* FormTableController.m */; };
		0956F1720F4455F60096310E /* SelectionController.h in Headers */ = {isa = PBXBuildFile; fileRef = 0956F1600F4455F60096310E /* SelectionController.h */; };
		0956F1730F4455F60096310E /* SelectionController.m in Sources */ = {isa = PBXBuildFile; fileRef = 0956F1610F4455F60096310E /* SelectionController.m */; };
		0956F1740F4455F60096310E /* TextFieldCell.h in Headers */ = {isa = PBXBuildFile; fileRef = 0956F1620F4455F60096310E /* TextFieldCell.h */; };
		0956F1750F4455F60096310E /* TextFieldCell.m in Sources */ = {isa = PBXBuildFile; fileRef = 0956F1630F4455F60096310E /* TextFieldCell.m */; };
		0956F1760F4455F60096310E /* StaticFormCell.h in Headers */ = {isa = PBXBuildFile; fileRef = 0956F1640F4455F60096310E /* StaticFormCell.h */; };
		0956F1770F4455F60096310E /* StaticFormCell.m in Sources */ = {isa = PBXBuildFile; fileRef = 0956F1650F4455F60096310E /* StaticFormCell.m */; };
		0956F17A0F4455F60096310E /* TextEditController.h in Headers */ = {isa = PBXBuildFile; fileRef = 0956F1680F4455F60096310E /* TextEditController.h */; };
		0956F17B0F4455F60096310E /* TextEditController.m in Sources */ = {isa = PBXBuildFile; fileRef = 0956F1690F4455F60096310E /* TextEditController.m */; };
		0992D1D70F55989D00EA42BF /* UIView+Utils.h in Headers */ = {isa = PBXBuildFile; fileRef = 0992D1D50F55989D00EA42BF /* UIView+Utils.h */; };
		0992D1D80F55989D00EA42BF /* UIView+Utils.m in Sources */ = {isa = PBXBuildFile; fileRef = 0992D1D60F55989D00EA42BF /* UIView+Utils.m */; };
		791FBA8C0EA406660068A8FE /* NSData+Utils.h in Headers */ = {isa = PBXBuildFile; fileRef = 791FBA8A0EA406660068A8FE /* NSData+Utils.h */; };
		791FBA8D0EA406660068A8FE /* NSData+Utils.m in Sources */ = {isa = PBXBuildFile; fileRef = 791FBA8B0EA406660068A8FE /* NSData+Utils.m */; };
		79427DE20E9A13E600E8F7F9 /* NSString+Utils.h in Headers */ = {isa = PBXBuildFile; fileRef = 79427DDA0E9A13E600E8F7F9 /* NSString+Utils.h */; };
		79BAE5CC0EC1EA9E004760EA /* NSArray+Utils.h in Headers */ = {isa = PBXBuildFile; fileRef = 79BAE5C20EC1EA9E004760EA /* NSArray+Utils.h */; };
		79BAE5CD0EC1EA9E004760EA /* NSArray+Utils.m in Sources */ = {isa = PBXBuildFile; fileRef = 79BAE5C30EC1EA9E004760EA /* NSArray+Utils.m */; };
		79BAE5CE0EC1EA9E004760EA /* NSError+Utils.h in Headers */ = {isa = PBXBuildFile; fileRef = 79BAE5C40EC1EA9E004760EA /* NSError+Utils.h */; };
		79BAE5CF0EC1EA9E004760EA /* NSError+Utils.m in Sources */ = {isa = PBXBuildFile; fileRef = 79BAE5C50EC1EA9E004760EA /* NSError+Utils.m */; };
		79BAE5D00EC1EA9E004760EA /* NSMutableArray+Utils.h in Headers */ = {isa = PBXBuildFile; fileRef = 79BAE5C60EC1EA9E004760EA /* NSMutableArray+Utils.h */; };
		79BAE5D10EC1EA9E004760EA /* NSMutableArray+Utils.m in Sources */ = {isa = PBXBuildFile; fileRef = 79BAE5C70EC1EA9E004760EA /* NSMutableArray+Utils.m */; };
		79BAE5D20EC1EA9E004760EA /* NSObject+Utils.h in Headers */ = {isa = PBXBuildFile; fileRef = 79BAE5C80EC1EA9E004760EA /* NSObject+Utils.h */; };
		79BAE5D30EC1EA9E004760EA /* NSObject+Utils.m in Sources */ = {isa = PBXBuildFile; fileRef = 79BAE5C90EC1EA9E004760EA /* NSObject+Utils.m */; };
		79BAE5D40EC1EA9E004760EA /* UIApplication+Utils.h in Headers */ = {isa = PBXBuildFile; fileRef = 79BAE5CA0EC1EA9E004760EA /* UIApplication+Utils.h */; };
		79BAE5D50EC1EA9E004760EA /* UIApplication+Utils.m in Sources */ = {isa = PBXBuildFile; fileRef = 79BAE5CB0EC1EA9E004760EA /* UIApplication+Utils.m */; };
		79BAE5EC0EC1EAB7004760EA /* ClassMetadata.h in Headers */ = {isa = PBXBuildFile; fileRef = 79BAE5D70EC1EAB7004760EA /* ClassMetadata.h */; };
		79BAE5ED0EC1EAB7004760EA /* POXMapping.h in Headers */ = {isa = PBXBuildFile; fileRef = 79BAE5D80EC1EAB7004760EA /* POXMapping.h */; };
		79BAE5EE0EC1EAB7004760EA /* POXMapping.m in Sources */ = {isa = PBXBuildFile; fileRef = 79BAE5D90EC1EAB7004760EA /* POXMapping.m */; };
		79BAE5EF0EC1EAB7004760EA /* POXMappingUtil.h in Headers */ = {isa = PBXBuildFile; fileRef = 79BAE5DA0EC1EAB7004760EA /* POXMappingUtil.h */; };
		79BAE5F00EC1EAB7004760EA /* POXMappingUtil.m in Sources */ = {isa = PBXBuildFile; fileRef = 79BAE5DB0EC1EAB7004760EA /* POXMappingUtil.m */; };
		79BAE5F10EC1EAB7004760EA /* SelfDescribing.h in Headers */ = {isa = PBXBuildFile; fileRef = 79BAE5DC0EC1EAB7004760EA /* SelfDescribing.h */; };
		79BAE5F20EC1EAB7004760EA /* SelfDescribing.m in Sources */ = {isa = PBXBuildFile; fileRef = 79BAE5DD0EC1EAB7004760EA /* SelfDescribing.m */; };
		79BAE5F30EC1EAB7004760EA /* DB.h in Headers */ = {isa = PBXBuildFile; fileRef = 79BAE5DF0EC1EAB7004760EA /* DB.h */; };
		79BAE5F40EC1EAB7004760EA /* DB.m in Sources */ = {isa = PBXBuildFile; fileRef = 79BAE5E00EC1EAB7004760EA /* DB.m */; };
		79BAE5F50EC1EAB7004760EA /* DBObject.h in Headers */ = {isa = PBXBuildFile; fileRef = 79BAE5E10EC1EAB7004760EA /* DBObject.h */; };
		79BAE5F60EC1EAB7004760EA /* DBObject.m in Sources */ = {isa = PBXBuildFile; fileRef = 79BAE5E20EC1EAB7004760EA /* DBObject.m */; };
		79BAE5F90EC1EAB7004760EA /* NSNumber+DB.h in Headers */ = {isa = PBXBuildFile; fileRef = 79BAE5E50EC1EAB7004760EA /* NSNumber+DB.h */; };
		79BAE5FA0EC1EAB7004760EA /* NSNumber+DB.m in Sources */ = {isa = PBXBuildFile; fileRef = 79BAE5E60EC1EAB7004760EA /* NSNumber+DB.m */; };
		79BAE5FB0EC1EAB7004760EA /* NSString+DB.h in Headers */ = {isa = PBXBuildFile; fileRef = 79BAE5E70EC1EAB7004760EA /* NSString+DB.h */; };
		79BAE5FC0EC1EAB7004760EA /* NSString+DB.m in Sources */ = {isa = PBXBuildFile; fileRef = 79BAE5E80EC1EAB7004760EA /* NSString+DB.m */; };
		79BAE5FD0EC1EAB7004760EA /* RESTService.h in Headers */ = {isa = PBXBuildFile; fileRef = 79BAE5EA0EC1EAB7004760EA /* RESTService.h */; };
		79BAE5FE0EC1EAB7004760EA /* RESTService.m in Sources */ = {isa = PBXBuildFile; fileRef = 79BAE5EB0EC1EAB7004760EA /* RESTService.m */; };
		79BC74540EE044B50058ADAA /* UIWebView+Utils.m in Sources */ = {isa = PBXBuildFile; fileRef = 79BC74520EE044B50058ADAA /* UIWebView+Utils.m */; };
		79BC74550EE044B50058ADAA /* UIWebView+Utils.h in Headers */ = {isa = PBXBuildFile; fileRef = 79BC74530EE044B50058ADAA /* UIWebView+Utils.h */; };
		79BD32090E9935AF0039C25A /* NSString+Utils.m in Sources */ = {isa = PBXBuildFile; fileRef = 79BD32080E9935AF0039C25A /* NSString+Utils.m */; };
		8B6CFB550F8E39CB00E85F08 /* UIView+Rotation.m in Sources */ = {isa = PBXBuildFile; fileRef = 8B6CFB530F8E39CB00E85F08 /* UIView+Rotation.m */; };
		8B6CFB560F8E39CB00E85F08 /* UIView+Rotation.h in Headers */ = {isa = PBXBuildFile; fileRef = 8B6CFB540F8E39CB00E85F08 /* UIView+Rotation.h */; };
		B4130A6D101740FF006EFD10 /* NSObject+Invocation.h in Headers */ = {isa = PBXBuildFile; fileRef = B4130A6B101740FF006EFD10 /* NSObject+Invocation.h */; };
		B4130A6E101740FF006EFD10 /* NSObject+Invocation.m in Sources */ = {isa = PBXBuildFile; fileRef = B4130A6C101740FF006EFD10 /* NSObject+Invocation.m */; };
		B42A6205102058D2002C0329 /* NSData+MD5.h in Headers */ = {isa = PBXBuildFile; fileRef = B42A6203102058D2002C0329 /* NSData+MD5.h */; };
		B42A6206102058D2002C0329 /* NSData+MD5.m in Sources */ = {isa = PBXBuildFile; fileRef = B42A6204102058D2002C0329 /* NSData+MD5.m */; };
		B42CD2F510B5B3F0003E57F0 /* PagerController.h in Headers */ = {isa = PBXBuildFile; fileRef = B42CD2F310B5B3F0003E57F0 /* PagerController.h */; };
		B42CD2F610B5B3F0003E57F0 /* PagerController.m in Sources */ = {isa = PBXBuildFile; fileRef = B42CD2F410B5B3F0003E57F0 /* PagerController.m */; };
		B45054D70FD5194B00A10092 /* WebParams.h in Headers */ = {isa = PBXBuildFile; fileRef = B45054D50FD5194B00A10092 /* WebParams.h */; };
		B45054D80FD5194B00A10092 /* WebParams.m in Sources */ = {isa = PBXBuildFile; fileRef = B45054D60FD5194B00A10092 /* WebParams.m */; };
		B45054DB0FD5196200A10092 /* NSString+Web.h in Headers */ = {isa = PBXBuildFile; fileRef = B45054D90FD5196200A10092 /* NSString+Web.h */; };
		B45054DC0FD5196200A10092 /* NSString+Web.m in Sources */ = {isa = PBXBuildFile; fileRef = B45054DA0FD5196200A10092 /* NSString+Web.m */; };
		B45054E50FD51A1200A10092 /* NSData+Base64.h in Headers */ = {isa = PBXBuildFile; fileRef = B45054E30FD51A1200A10092 /* NSData+Base64.h */; };
		B45054E60FD51A1200A10092 /* NSData+Base64.m in Sources */ = {isa = PBXBuildFile; fileRef = B45054E40FD51A1200A10092 /* NSData+Base64.m */; };
		B4C7F8350FCFC8050088D297 /* CGGeometry+Utils.h in Headers */ = {isa = PBXBuildFile; fileRef = B4C7F82A0FCFC8050088D297 /* CGGeometry+Utils.h */; };
		B4C7F8360FCFC8050088D297 /* CGGeometry+Utils.m in Sources */ = {isa = PBXBuildFile; fileRef = B4C7F82B0FCFC8050088D297 /* CGGeometry+Utils.m */; };
		B4C7F8370FCFC8050088D297 /* NSArray+Graphics.h in Headers */ = {isa = PBXBuildFile; fileRef = B4C7F82C0FCFC8050088D297 /* NSArray+Graphics.h */; };
		B4C7F8380FCFC8050088D297 /* NSArray+Graphics.m in Sources */ = {isa = PBXBuildFile; fileRef = B4C7F82D0FCFC8050088D297 /* NSArray+Graphics.m */; };
		B4C7F8390FCFC8050088D297 /* NSCoding.h in Headers */ = {isa = PBXBuildFile; fileRef = B4C7F82E0FCFC8050088D297 /* NSCoding.h */; };
		B4C7F83A0FCFC8050088D297 /* NSDate+Utils.h in Headers */ = {isa = PBXBuildFile; fileRef = B4C7F82F0FCFC8050088D297 /* NSDate+Utils.h */; };
		B4C7F83B0FCFC8050088D297 /* NSDate+Utils.m in Sources */ = {isa = PBXBuildFile; fileRef = B4C7F8300FCFC8050088D297 /* NSDate+Utils.m */; };
		B4C7F83C0FCFC8050088D297 /* UIAlertView+Utils.h in Headers */ = {isa = PBXBuildFile; fileRef = B4C7F8310FCFC8050088D297 /* UIAlertView+Utils.h */; };
		B4C7F83D0FCFC8050088D297 /* UIAlertView+Utils.m in Sources */ = {isa = PBXBuildFile; fileRef = B4C7F8320FCFC8050088D297 /* UIAlertView+Utils.m */; };
		B4C7F83E0FCFC8050088D297 /* UIImage+Utils.h in Headers */ = {isa = PBXBuildFile; fileRef = B4C7F8330FCFC8050088D297 /* UIImage+Utils.h */; };
		B4C7F83F0FCFC8050088D297 /* UIImage+Utils.m in Sources */ = {isa = PBXBuildFile; fileRef = B4C7F8340FCFC8050088D297 /* UIImage+Utils.m */; };
		B4D5B2B00F73AFAA008021D6 /* AsyncObject.h in Headers */ = {isa = PBXBuildFile; fileRef = B4D5B2AB0F73AFAA008021D6 /* AsyncObject.h */; };
		B4D5B2B10F73AFAA008021D6 /* AsyncObject.m in Sources */ = {isa = PBXBuildFile; fileRef = B4D5B2AC0F73AFAA008021D6 /* AsyncObject.m */; };
		B4D5B2B20F73AFAA008021D6 /* UIBlockingAsyncObject.h in Headers */ = {isa = PBXBuildFile; fileRef = B4D5B2AD0F73AFAA008021D6 /* UIBlockingAsyncObject.h */; };
		B4D5B2B30F73AFAA008021D6 /* UIBlockingAsyncObject.m in Sources */ = {isa = PBXBuildFile; fileRef = B4D5B2AE0F73AFAA008021D6 /* UIBlockingAsyncObject.m */; };
		B4D5B2B40F73AFAA008021D6 /* UIBlockingView.h in Headers */ = {isa = PBXBuildFile; fileRef = B4D5B2AF0F73AFAA008021D6 /* UIBlockingView.h */; };
		DAC946800F66643600CDAD3C /* XMLWriter.h in Headers */ = {isa = PBXBuildFile; fileRef = DAC9467E0F66643600CDAD3C /* XMLWriter.h */; };
		DAC946810F66643600CDAD3C /* XMLWriter.m in Sources */ = {isa = PBXBuildFile; fileRef = DAC9467F0F66643600CDAD3C /* XMLWriter.m */; };
/* End PBXBuildFile section */

/* Begin PBXFileReference section */
		0956EB020F408BFC0096310E /* CollectionWindow.h */ = {isa = PBXFileReference; fileEncoding = 4; lastKnownFileType = sourcecode.c.h; path = CollectionWindow.h; sourceTree = "<group>"; };
		0956EB030F408BFC0096310E /* CollectionWindow.m */ = {isa = PBXFileReference; fileEncoding = 4; lastKnownFileType = sourcecode.c.objc; path = CollectionWindow.m; sourceTree = "<group>"; };
		0956EB040F408BFC0096310E /* CommonUtils.h */ = {isa = PBXFileReference; fileEncoding = 4; lastKnownFileType = sourcecode.c.h; path = CommonUtils.h; sourceTree = "<group>"; };
		0956EB050F408BFC0096310E /* NSBundle+Utils.h */ = {isa = PBXFileReference; fileEncoding = 4; lastKnownFileType = sourcecode.c.h; path = "NSBundle+Utils.h"; sourceTree = "<group>"; };
		0956EB060F408BFC0096310E /* NSBundle+Utils.m */ = {isa = PBXFileReference; fileEncoding = 4; lastKnownFileType = sourcecode.c.objc; path = "NSBundle+Utils.m"; sourceTree = "<group>"; };
		0956EB070F408BFC0096310E /* NSUserDefaults+Utils.h */ = {isa = PBXFileReference; fileEncoding = 4; lastKnownFileType = sourcecode.c.h; path = "NSUserDefaults+Utils.h"; sourceTree = "<group>"; };
		0956EB080F408BFC0096310E /* NSUserDefaults+Utils.m */ = {isa = PBXFileReference; fileEncoding = 4; lastKnownFileType = sourcecode.c.objc; path = "NSUserDefaults+Utils.m"; sourceTree = "<group>"; };
		0956EB090F408BFC0096310E /* RegexKitLite.h */ = {isa = PBXFileReference; fileEncoding = 4; lastKnownFileType = sourcecode.c.h; path = RegexKitLite.h; sourceTree = "<group>"; };
		0956EB0A0F408BFC0096310E /* RegexKitLite.m */ = {isa = PBXFileReference; fileEncoding = 4; lastKnownFileType = sourcecode.c.objc; path = RegexKitLite.m; sourceTree = "<group>"; };
		0956F1530F4455C80096310E /* UITableViewCell+NIB.h */ = {isa = PBXFileReference; fileEncoding = 4; lastKnownFileType = sourcecode.c.h; path = "UITableViewCell+NIB.h"; sourceTree = "<group>"; };
		0956F1540F4455C80096310E /* UITableViewCell+NIB.m */ = {isa = PBXFileReference; fileEncoding = 4; lastKnownFileType = sourcecode.c.objc; path = "UITableViewCell+NIB.m"; sourceTree = "<group>"; };
		0956F1580F4455F60096310E /* FormCell.h */ = {isa = PBXFileReference; fileEncoding = 4; lastKnownFileType = sourcecode.c.h; path = FormCell.h; sourceTree = "<group>"; };
		0956F1590F4455F60096310E /* FormCell.m */ = {isa = PBXFileReference; fileEncoding = 4; lastKnownFileType = sourcecode.c.objc; path = FormCell.m; sourceTree = "<group>"; };
		0956F15A0F4455F60096310E /* FormController.h */ = {isa = PBXFileReference; fileEncoding = 4; lastKnownFileType = sourcecode.c.h; path = FormController.h; sourceTree = "<group>"; };
		0956F15B0F4455F60096310E /* FormController.m */ = {isa = PBXFileReference; fileEncoding = 4; lastKnownFileType = sourcecode.c.objc; path = FormController.m; sourceTree = "<group>"; };
		0956F15C0F4455F60096310E /* FormFieldDescriptor.h */ = {isa = PBXFileReference; fileEncoding = 4; lastKnownFileType = sourcecode.c.h; path = FormFieldDescriptor.h; sourceTree = "<group>"; };
		0956F15D0F4455F60096310E /* FormFieldDescriptor.m */ = {isa = PBXFileReference; fileEncoding = 4; lastKnownFileType = sourcecode.c.objc; path = FormFieldDescriptor.m; sourceTree = "<group>"; };
		0956F15E0F4455F60096310E /* FormTableController.h */ = {isa = PBXFileReference; fileEncoding = 4; lastKnownFileType = sourcecode.c.h; path = FormTableController.h; sourceTree = "<group>"; };
		0956F15F0F4455F60096310E /* FormTableController.m */ = {isa = PBXFileReference; fileEncoding = 4; lastKnownFileType = sourcecode.c.objc; path = FormTableController.m; sourceTree = "<group>"; };
		0956F1600F4455F60096310E /* SelectionController.h */ = {isa = PBXFileReference; fileEncoding = 4; lastKnownFileType = sourcecode.c.h; path = SelectionController.h; sourceTree = "<group>"; };
		0956F1610F4455F60096310E /* SelectionController.m */ = {isa = PBXFileReference; fileEncoding = 4; lastKnownFileType = sourcecode.c.objc; path = SelectionController.m; sourceTree = "<group>"; };
		0956F1620F4455F60096310E /* TextFieldCell.h */ = {isa = PBXFileReference; fileEncoding = 4; lastKnownFileType = sourcecode.c.h; path = TextFieldCell.h; sourceTree = "<group>"; };
		0956F1630F4455F60096310E /* TextFieldCell.m */ = {isa = PBXFileReference; fileEncoding = 4; lastKnownFileType = sourcecode.c.objc; path = TextFieldCell.m; sourceTree = "<group>"; };
		0956F1640F4455F60096310E /* StaticFormCell.h */ = {isa = PBXFileReference; fileEncoding = 4; lastKnownFileType = sourcecode.c.h; path = StaticFormCell.h; sourceTree = "<group>"; };
		0956F1650F4455F60096310E /* StaticFormCell.m */ = {isa = PBXFileReference; fileEncoding = 4; lastKnownFileType = sourcecode.c.objc; path = StaticFormCell.m; sourceTree = "<group>"; };
		0956F1680F4455F60096310E /* TextEditController.h */ = {isa = PBXFileReference; fileEncoding = 4; lastKnownFileType = sourcecode.c.h; path = TextEditController.h; sourceTree = "<group>"; };
		0956F1690F4455F60096310E /* TextEditController.m */ = {isa = PBXFileReference; fileEncoding = 4; lastKnownFileType = sourcecode.c.objc; path = TextEditController.m; sourceTree = "<group>"; };
		0992D1D50F55989D00EA42BF /* UIView+Utils.h */ = {isa = PBXFileReference; fileEncoding = 4; lastKnownFileType = sourcecode.c.h; path = "UIView+Utils.h"; sourceTree = "<group>"; };
		0992D1D60F55989D00EA42BF /* UIView+Utils.m */ = {isa = PBXFileReference; fileEncoding = 4; lastKnownFileType = sourcecode.c.objc; path = "UIView+Utils.m"; sourceTree = "<group>"; };
		1D30AB110D05D00D00671497 /* Foundation.framework */ = {isa = PBXFileReference; lastKnownFileType = wrapper.framework; name = Foundation.framework; path = System/Library/Frameworks/Foundation.framework; sourceTree = SDKROOT; };
		1DF5F4DF0D08C38300B7A737 /* UIKit.framework */ = {isa = PBXFileReference; lastKnownFileType = wrapper.framework; name = UIKit.framework; path = System/Library/Frameworks/UIKit.framework; sourceTree = SDKROOT; };
		288765FC0DF74451002DB57D /* CoreGraphics.framework */ = {isa = PBXFileReference; lastKnownFileType = wrapper.framework; name = CoreGraphics.framework; path = System/Library/Frameworks/CoreGraphics.framework; sourceTree = SDKROOT; };
		28AD733E0D9D9553002E5188 /* MainWindow.xib */ = {isa = PBXFileReference; lastKnownFileType = file.xib; path = MainWindow.xib; sourceTree = "<group>"; };
		79096D480E97CB5D0081A012 /* libcommon.a */ = {isa = PBXFileReference; explicitFileType = archive.ar; includeInIndex = 0; path = libcommon.a; sourceTree = BUILT_PRODUCTS_DIR; };
		791FBA8A0EA406660068A8FE /* NSData+Utils.h */ = {isa = PBXFileReference; fileEncoding = 4; lastKnownFileType = sourcecode.c.h; path = "NSData+Utils.h"; sourceTree = "<group>"; };
		791FBA8B0EA406660068A8FE /* NSData+Utils.m */ = {isa = PBXFileReference; fileEncoding = 4; lastKnownFileType = sourcecode.c.objc; path = "NSData+Utils.m"; sourceTree = "<group>"; };
		79427DDA0E9A13E600E8F7F9 /* NSString+Utils.h */ = {isa = PBXFileReference; fileEncoding = 4; lastKnownFileType = sourcecode.c.h; path = "NSString+Utils.h"; sourceTree = "<group>"; };
		79BAE5C20EC1EA9E004760EA /* NSArray+Utils.h */ = {isa = PBXFileReference; fileEncoding = 4; lastKnownFileType = sourcecode.c.h; path = "NSArray+Utils.h"; sourceTree = "<group>"; };
		79BAE5C30EC1EA9E004760EA /* NSArray+Utils.m */ = {isa = PBXFileReference; fileEncoding = 4; lastKnownFileType = sourcecode.c.objc; path = "NSArray+Utils.m"; sourceTree = "<group>"; };
		79BAE5C40EC1EA9E004760EA /* NSError+Utils.h */ = {isa = PBXFileReference; fileEncoding = 4; lastKnownFileType = sourcecode.c.h; path = "NSError+Utils.h"; sourceTree = "<group>"; };
		79BAE5C50EC1EA9E004760EA /* NSError+Utils.m */ = {isa = PBXFileReference; fileEncoding = 4; lastKnownFileType = sourcecode.c.objc; path = "NSError+Utils.m"; sourceTree = "<group>"; };
		79BAE5C60EC1EA9E004760EA /* NSMutableArray+Utils.h */ = {isa = PBXFileReference; fileEncoding = 4; lastKnownFileType = sourcecode.c.h; path = "NSMutableArray+Utils.h"; sourceTree = "<group>"; };
		79BAE5C70EC1EA9E004760EA /* NSMutableArray+Utils.m */ = {isa = PBXFileReference; fileEncoding = 4; lastKnownFileType = sourcecode.c.objc; path = "NSMutableArray+Utils.m"; sourceTree = "<group>"; };
		79BAE5C80EC1EA9E004760EA /* NSObject+Utils.h */ = {isa = PBXFileReference; fileEncoding = 4; lastKnownFileType = sourcecode.c.h; path = "NSObject+Utils.h"; sourceTree = "<group>"; };
		79BAE5C90EC1EA9E004760EA /* NSObject+Utils.m */ = {isa = PBXFileReference; fileEncoding = 4; lastKnownFileType = sourcecode.c.objc; path = "NSObject+Utils.m"; sourceTree = "<group>"; };
		79BAE5CA0EC1EA9E004760EA /* UIApplication+Utils.h */ = {isa = PBXFileReference; fileEncoding = 4; lastKnownFileType = sourcecode.c.h; path = "UIApplication+Utils.h"; sourceTree = "<group>"; };
		79BAE5CB0EC1EA9E004760EA /* UIApplication+Utils.m */ = {isa = PBXFileReference; fileEncoding = 4; lastKnownFileType = sourcecode.c.objc; path = "UIApplication+Utils.m"; sourceTree = "<group>"; };
		79BAE5D70EC1EAB7004760EA /* ClassMetadata.h */ = {isa = PBXFileReference; fileEncoding = 4; lastKnownFileType = sourcecode.c.h; path = ClassMetadata.h; sourceTree = "<group>"; };
		79BAE5D80EC1EAB7004760EA /* POXMapping.h */ = {isa = PBXFileReference; fileEncoding = 4; lastKnownFileType = sourcecode.c.h; path = POXMapping.h; sourceTree = "<group>"; };
		79BAE5D90EC1EAB7004760EA /* POXMapping.m */ = {isa = PBXFileReference; fileEncoding = 4; lastKnownFileType = sourcecode.c.objc; path = POXMapping.m; sourceTree = "<group>"; };
		79BAE5DA0EC1EAB7004760EA /* POXMappingUtil.h */ = {isa = PBXFileReference; fileEncoding = 4; lastKnownFileType = sourcecode.c.h; path = POXMappingUtil.h; sourceTree = "<group>"; };
		79BAE5DB0EC1EAB7004760EA /* POXMappingUtil.m */ = {isa = PBXFileReference; fileEncoding = 4; lastKnownFileType = sourcecode.c.objc; path = POXMappingUtil.m; sourceTree = "<group>"; };
		79BAE5DC0EC1EAB7004760EA /* SelfDescribing.h */ = {isa = PBXFileReference; fileEncoding = 4; lastKnownFileType = sourcecode.c.h; path = SelfDescribing.h; sourceTree = "<group>"; };
		79BAE5DD0EC1EAB7004760EA /* SelfDescribing.m */ = {isa = PBXFileReference; fileEncoding = 4; lastKnownFileType = sourcecode.c.objc; path = SelfDescribing.m; sourceTree = "<group>"; };
		79BAE5DF0EC1EAB7004760EA /* DB.h */ = {isa = PBXFileReference; fileEncoding = 4; lastKnownFileType = sourcecode.c.h; path = DB.h; sourceTree = "<group>"; };
		79BAE5E00EC1EAB7004760EA /* DB.m */ = {isa = PBXFileReference; fileEncoding = 4; lastKnownFileType = sourcecode.c.objc; path = DB.m; sourceTree = "<group>"; };
		79BAE5E10EC1EAB7004760EA /* DBObject.h */ = {isa = PBXFileReference; fileEncoding = 4; lastKnownFileType = sourcecode.c.h; path = DBObject.h; sourceTree = "<group>"; };
		79BAE5E20EC1EAB7004760EA /* DBObject.m */ = {isa = PBXFileReference; fileEncoding = 4; lastKnownFileType = sourcecode.c.objc; path = DBObject.m; sourceTree = "<group>"; };
		79BAE5E50EC1EAB7004760EA /* NSNumber+DB.h */ = {isa = PBXFileReference; fileEncoding = 4; lastKnownFileType = sourcecode.c.h; path = "NSNumber+DB.h"; sourceTree = "<group>"; };
		79BAE5E60EC1EAB7004760EA /* NSNumber+DB.m */ = {isa = PBXFileReference; fileEncoding = 4; lastKnownFileType = sourcecode.c.objc; path = "NSNumber+DB.m"; sourceTree = "<group>"; };
		79BAE5E70EC1EAB7004760EA /* NSString+DB.h */ = {isa = PBXFileReference; fileEncoding = 4; lastKnownFileType = sourcecode.c.h; path = "NSString+DB.h"; sourceTree = "<group>"; };
		79BAE5E80EC1EAB7004760EA /* NSString+DB.m */ = {isa = PBXFileReference; fileEncoding = 4; lastKnownFileType = sourcecode.c.objc; path = "NSString+DB.m"; sourceTree = "<group>"; };
		79BAE5EA0EC1EAB7004760EA /* RESTService.h */ = {isa = PBXFileReference; fileEncoding = 4; lastKnownFileType = sourcecode.c.h; path = RESTService.h; sourceTree = "<group>"; };
		79BAE5EB0EC1EAB7004760EA /* RESTService.m */ = {isa = PBXFileReference; fileEncoding = 4; lastKnownFileType = sourcecode.c.objc; path = RESTService.m; sourceTree = "<group>"; };
		79BC74520EE044B50058ADAA /* UIWebView+Utils.m */ = {isa = PBXFileReference; fileEncoding = 4; lastKnownFileType = sourcecode.c.objc; path = "UIWebView+Utils.m"; sourceTree = "<group>"; };
		79BC74530EE044B50058ADAA /* UIWebView+Utils.h */ = {isa = PBXFileReference; fileEncoding = 4; lastKnownFileType = sourcecode.c.h; path = "UIWebView+Utils.h"; sourceTree = "<group>"; };
		79BD32080E9935AF0039C25A /* NSString+Utils.m */ = {isa = PBXFileReference; fileEncoding = 4; lastKnownFileType = sourcecode.c.objc; path = "NSString+Utils.m"; sourceTree = "<group>"; };
		8B6CFB530F8E39CB00E85F08 /* UIView+Rotation.m */ = {isa = PBXFileReference; fileEncoding = 4; lastKnownFileType = sourcecode.c.objc; path = "UIView+Rotation.m"; sourceTree = "<group>"; };
		8B6CFB540F8E39CB00E85F08 /* UIView+Rotation.h */ = {isa = PBXFileReference; fileEncoding = 4; lastKnownFileType = sourcecode.c.h; path = "UIView+Rotation.h"; sourceTree = "<group>"; };
		8D1107310486CEB800E47090 /* Info.plist */ = {isa = PBXFileReference; fileEncoding = 4; lastKnownFileType = text.plist.xml; path = Info.plist; sourceTree = "<group>"; };
		B4130A6B101740FF006EFD10 /* NSObject+Invocation.h */ = {isa = PBXFileReference; fileEncoding = 4; lastKnownFileType = sourcecode.c.h; path = "NSObject+Invocation.h"; sourceTree = "<group>"; };
		B4130A6C101740FF006EFD10 /* NSObject+Invocation.m */ = {isa = PBXFileReference; fileEncoding = 4; lastKnownFileType = sourcecode.c.objc; path = "NSObject+Invocation.m"; sourceTree = "<group>"; };
		B42A6203102058D2002C0329 /* NSData+MD5.h */ = {isa = PBXFileReference; fileEncoding = 4; lastKnownFileType = sourcecode.c.h; path = "NSData+MD5.h"; sourceTree = "<group>"; };
		B42A6204102058D2002C0329 /* NSData+MD5.m */ = {isa = PBXFileReference; fileEncoding = 4; lastKnownFileType = sourcecode.c.objc; path = "NSData+MD5.m"; sourceTree = "<group>"; };
		B42CD2F310B5B3F0003E57F0 /* PagerController.h */ = {isa = PBXFileReference; fileEncoding = 4; lastKnownFileType = sourcecode.c.h; path = PagerController.h; sourceTree = "<group>"; };
		B42CD2F410B5B3F0003E57F0 /* PagerController.m */ = {isa = PBXFileReference; fileEncoding = 4; lastKnownFileType = sourcecode.c.objc; path = PagerController.m; sourceTree = "<group>"; };
		B45054D50FD5194B00A10092 /* WebParams.h */ = {isa = PBXFileReference; fileEncoding = 4; lastKnownFileType = sourcecode.c.h; path = WebParams.h; sourceTree = "<group>"; };
		B45054D60FD5194B00A10092 /* WebParams.m */ = {isa = PBXFileReference; fileEncoding = 4; lastKnownFileType = sourcecode.c.objc; path = WebParams.m; sourceTree = "<group>"; };
		B45054D90FD5196200A10092 /* NSString+Web.h */ = {isa = PBXFileReference; fileEncoding = 4; lastKnownFileType = sourcecode.c.h; path = "NSString+Web.h"; sourceTree = "<group>"; };
		B45054DA0FD5196200A10092 /* NSString+Web.m */ = {isa = PBXFileReference; fileEncoding = 4; lastKnownFileType = sourcecode.c.objc; path = "NSString+Web.m"; sourceTree = "<group>"; };
		B45054E30FD51A1200A10092 /* NSData+Base64.h */ = {isa = PBXFileReference; fileEncoding = 4; lastKnownFileType = sourcecode.c.h; path = "NSData+Base64.h"; sourceTree = "<group>"; };
		B45054E40FD51A1200A10092 /* NSData+Base64.m */ = {isa = PBXFileReference; fileEncoding = 4; lastKnownFileType = sourcecode.c.objc; path = "NSData+Base64.m"; sourceTree = "<group>"; };
		B4C7F82A0FCFC8050088D297 /* CGGeometry+Utils.h */ = {isa = PBXFileReference; fileEncoding = 4; lastKnownFileType = sourcecode.c.h; path = "CGGeometry+Utils.h"; sourceTree = "<group>"; };
		B4C7F82B0FCFC8050088D297 /* CGGeometry+Utils.m */ = {isa = PBXFileReference; fileEncoding = 4; lastKnownFileType = sourcecode.c.objc; path = "CGGeometry+Utils.m"; sourceTree = "<group>"; };
		B4C7F82C0FCFC8050088D297 /* NSArray+Graphics.h */ = {isa = PBXFileReference; fileEncoding = 4; lastKnownFileType = sourcecode.c.h; path = "NSArray+Graphics.h"; sourceTree = "<group>"; };
		B4C7F82D0FCFC8050088D297 /* NSArray+Graphics.m */ = {isa = PBXFileReference; fileEncoding = 4; lastKnownFileType = sourcecode.c.objc; path = "NSArray+Graphics.m"; sourceTree = "<group>"; };
		B4C7F82E0FCFC8050088D297 /* NSCoding.h */ = {isa = PBXFileReference; fileEncoding = 4; lastKnownFileType = sourcecode.c.h; path = NSCoding.h; sourceTree = "<group>"; };
		B4C7F82F0FCFC8050088D297 /* NSDate+Utils.h */ = {isa = PBXFileReference; fileEncoding = 4; lastKnownFileType = sourcecode.c.h; path = "NSDate+Utils.h"; sourceTree = "<group>"; };
		B4C7F8300FCFC8050088D297 /* NSDate+Utils.m */ = {isa = PBXFileReference; fileEncoding = 4; lastKnownFileType = sourcecode.c.objc; path = "NSDate+Utils.m"; sourceTree = "<group>"; };
		B4C7F8310FCFC8050088D297 /* UIAlertView+Utils.h */ = {isa = PBXFileReference; fileEncoding = 4; lastKnownFileType = sourcecode.c.h; path = "UIAlertView+Utils.h"; sourceTree = "<group>"; };
		B4C7F8320FCFC8050088D297 /* UIAlertView+Utils.m */ = {isa = PBXFileReference; fileEncoding = 4; lastKnownFileType = sourcecode.c.objc; path = "UIAlertView+Utils.m"; sourceTree = "<group>"; };
		B4C7F8330FCFC8050088D297 /* UIImage+Utils.h */ = {isa = PBXFileReference; fileEncoding = 4; lastKnownFileType = sourcecode.c.h; path = "UIImage+Utils.h"; sourceTree = "<group>"; };
		B4C7F8340FCFC8050088D297 /* UIImage+Utils.m */ = {isa = PBXFileReference; fileEncoding = 4; lastKnownFileType = sourcecode.c.objc; path = "UIImage+Utils.m"; sourceTree = "<group>"; };
		B4D5B2AB0F73AFAA008021D6 /* AsyncObject.h */ = {isa = PBXFileReference; fileEncoding = 4; lastKnownFileType = sourcecode.c.h; path = AsyncObject.h; sourceTree = "<group>"; };
		B4D5B2AC0F73AFAA008021D6 /* AsyncObject.m */ = {isa = PBXFileReference; fileEncoding = 4; lastKnownFileType = sourcecode.c.objc; path = AsyncObject.m; sourceTree = "<group>"; };
		B4D5B2AD0F73AFAA008021D6 /* UIBlockingAsyncObject.h */ = {isa = PBXFileReference; fileEncoding = 4; lastKnownFileType = sourcecode.c.h; path = UIBlockingAsyncObject.h; sourceTree = "<group>"; };
		B4D5B2AE0F73AFAA008021D6 /* UIBlockingAsyncObject.m */ = {isa = PBXFileReference; fileEncoding = 4; lastKnownFileType = sourcecode.c.objc; path = UIBlockingAsyncObject.m; sourceTree = "<group>"; };
		B4D5B2AF0F73AFAA008021D6 /* UIBlockingView.h */ = {isa = PBXFileReference; fileEncoding = 4; lastKnownFileType = sourcecode.c.h; path = UIBlockingView.h; sourceTree = "<group>"; };
		DAC9467E0F66643600CDAD3C /* XMLWriter.h */ = {isa = PBXFileReference; fileEncoding = 4; lastKnownFileType = sourcecode.c.h; path = XMLWriter.h; sourceTree = "<group>"; };
		DAC9467F0F66643600CDAD3C /* XMLWriter.m */ = {isa = PBXFileReference; fileEncoding = 4; lastKnownFileType = sourcecode.c.objc; path = XMLWriter.m; sourceTree = "<group>"; };
/* End PBXFileReference section */

/* Begin PBXFrameworksBuildPhase section */
		79096D460E97CB5D0081A012 /* Frameworks */ = {
			isa = PBXFrameworksBuildPhase;
			buildActionMask = 2147483647;
			files = (
			);
			runOnlyForDeploymentPostprocessing = 0;
		};
/* End PBXFrameworksBuildPhase section */

/* Begin PBXGroup section */
		080E96DDFE201D6D7F000001 /* Classes */ = {
			isa = PBXGroup;
			children = (
				B4D5B2AA0F73AFAA008021D6 /* Async */,
				0956F1570F4455F60096310E /* Forms */,
				0956F13E0F4454E50096310E /* View */,
				79BAE5D60EC1EAB7004760EA /* Mapping */,
				79BAE5DE0EC1EAB7004760EA /* DB */,
				79BAE5E90EC1EAB7004760EA /* Web */,
				B4C7F82A0FCFC8050088D297 /* CGGeometry+Utils.h */,
				B4C7F82B0FCFC8050088D297 /* CGGeometry+Utils.m */,
				B4C7F82C0FCFC8050088D297 /* NSArray+Graphics.h */,
				B4C7F82D0FCFC8050088D297 /* NSArray+Graphics.m */,
				B4C7F82E0FCFC8050088D297 /* NSCoding.h */,
				B4C7F82F0FCFC8050088D297 /* NSDate+Utils.h */,
				B4C7F8300FCFC8050088D297 /* NSDate+Utils.m */,
				B4C7F8310FCFC8050088D297 /* UIAlertView+Utils.h */,
				B4C7F8320FCFC8050088D297 /* UIAlertView+Utils.m */,
				B4C7F8330FCFC8050088D297 /* UIImage+Utils.h */,
				B4C7F8340FCFC8050088D297 /* UIImage+Utils.m */,
				0956EB020F408BFC0096310E /* CollectionWindow.h */,
				0956EB030F408BFC0096310E /* CollectionWindow.m */,
				0956EB040F408BFC0096310E /* CommonUtils.h */,
				0956EB050F408BFC0096310E /* NSBundle+Utils.h */,
				0956EB060F408BFC0096310E /* NSBundle+Utils.m */,
				0956EB070F408BFC0096310E /* NSUserDefaults+Utils.h */,
				0956EB080F408BFC0096310E /* NSUserDefaults+Utils.m */,
				0956EB090F408BFC0096310E /* RegexKitLite.h */,
				0956EB0A0F408BFC0096310E /* RegexKitLite.m */,
				B42CD2F310B5B3F0003E57F0 /* PagerController.h */,
				B42CD2F410B5B3F0003E57F0 /* PagerController.m */,
				79BAE5C20EC1EA9E004760EA /* NSArray+Utils.h */,
				79BAE5C30EC1EA9E004760EA /* NSArray+Utils.m */,
				79BAE5C40EC1EA9E004760EA /* NSError+Utils.h */,
				79BAE5C50EC1EA9E004760EA /* NSError+Utils.m */,
				79BAE5C60EC1EA9E004760EA /* NSMutableArray+Utils.h */,
				79BAE5C70EC1EA9E004760EA /* NSMutableArray+Utils.m */,
				79BAE5C80EC1EA9E004760EA /* NSObject+Utils.h */,
				79BAE5C90EC1EA9E004760EA /* NSObject+Utils.m */,
				B4130A6B101740FF006EFD10 /* NSObject+Invocation.h */,
				B4130A6C101740FF006EFD10 /* NSObject+Invocation.m */,
				79BAE5CA0EC1EA9E004760EA /* UIApplication+Utils.h */,
				79BAE5CB0EC1EA9E004760EA /* UIApplication+Utils.m */,
				79427DDA0E9A13E600E8F7F9 /* NSString+Utils.h */,
				79BD32080E9935AF0039C25A /* NSString+Utils.m */,
				791FBA8A0EA406660068A8FE /* NSData+Utils.h */,
				791FBA8B0EA406660068A8FE /* NSData+Utils.m */,
				B45054E30FD51A1200A10092 /* NSData+Base64.h */,
				B45054E40FD51A1200A10092 /* NSData+Base64.m */,
				B42A6203102058D2002C0329 /* NSData+MD5.h */,
				B42A6204102058D2002C0329 /* NSData+MD5.m */,
				79BC74520EE044B50058ADAA /* UIWebView+Utils.m */,
				79BC74530EE044B50058ADAA /* UIWebView+Utils.h */,
				DAC9467E0F66643600CDAD3C /* XMLWriter.h */,
				DAC9467F0F66643600CDAD3C /* XMLWriter.m */,
				0992D1D50F55989D00EA42BF /* UIView+Utils.h */,
				0992D1D60F55989D00EA42BF /* UIView+Utils.m */,
			);
			path = Classes;
			sourceTree = "<group>";
		};
		0956F13E0F4454E50096310E /* View */ = {
			isa = PBXGroup;
			children = (
				0956F1530F4455C80096310E /* UITableViewCell+NIB.h */,
				0956F1540F4455C80096310E /* UITableViewCell+NIB.m */,
				8B6CFB540F8E39CB00E85F08 /* UIView+Rotation.h */,
				8B6CFB530F8E39CB00E85F08 /* UIView+Rotation.m */,
			);
			path = View;
			sourceTree = "<group>";
		};
		0956F1570F4455F60096310E /* Forms */ = {
			isa = PBXGroup;
			children = (
				0956F1580F4455F60096310E /* FormCell.h */,
				0956F1590F4455F60096310E /* FormCell.m */,
				0956F15A0F4455F60096310E /* FormController.h */,
				0956F15B0F4455F60096310E /* FormController.m */,
				0956F15C0F4455F60096310E /* FormFieldDescriptor.h */,
				0956F15D0F4455F60096310E /* FormFieldDescriptor.m */,
				0956F15E0F4455F60096310E /* FormTableController.h */,
				0956F15F0F4455F60096310E /* FormTableController.m */,
				0956F1600F4455F60096310E /* SelectionController.h */,
				0956F1610F4455F60096310E /* SelectionController.m */,
				0956F1620F4455F60096310E /* TextFieldCell.h */,
				0956F1630F4455F60096310E /* TextFieldCell.m */,
				0956F1640F4455F60096310E /* StaticFormCell.h */,
				0956F1650F4455F60096310E /* StaticFormCell.m */,
				0956F1680F4455F60096310E /* TextEditController.h */,
				0956F1690F4455F60096310E /* TextEditController.m */,
			);
			path = Forms;
			sourceTree = "<group>";
		};
		19C28FACFE9D520D11CA2CBB /* Products */ = {
			isa = PBXGroup;
			children = (
				79096D480E97CB5D0081A012 /* libcommon.a */,
			);
			name = Products;
			sourceTree = "<group>";
		};
		29B97314FDCFA39411CA2CEA /* CustomTemplate */ = {
			isa = PBXGroup;
			children = (
				080E96DDFE201D6D7F000001 /* Classes */,
				29B97315FDCFA39411CA2CEA /* Other Sources */,
				29B97317FDCFA39411CA2CEA /* Resources */,
				29B97323FDCFA39411CA2CEA /* Frameworks */,
				19C28FACFE9D520D11CA2CBB /* Products */,
			);
			name = CustomTemplate;
			sourceTree = "<group>";
		};
		29B97315FDCFA39411CA2CEA /* Other Sources */ = {
			isa = PBXGroup;
			children = (
			);
			name = "Other Sources";
			sourceTree = "<group>";
		};
		29B97317FDCFA39411CA2CEA /* Resources */ = {
			isa = PBXGroup;
			children = (
				28AD733E0D9D9553002E5188 /* MainWindow.xib */,
				8D1107310486CEB800E47090 /* Info.plist */,
			);
			name = Resources;
			sourceTree = "<group>";
		};
		29B97323FDCFA39411CA2CEA /* Frameworks */ = {
			isa = PBXGroup;
			children = (
				1DF5F4DF0D08C38300B7A737 /* UIKit.framework */,
				1D30AB110D05D00D00671497 /* Foundation.framework */,
				288765FC0DF74451002DB57D /* CoreGraphics.framework */,
			);
			name = Frameworks;
			sourceTree = "<group>";
		};
		79BAE5D60EC1EAB7004760EA /* Mapping */ = {
			isa = PBXGroup;
			children = (
				79BAE5D70EC1EAB7004760EA /* ClassMetadata.h */,
				79BAE5D80EC1EAB7004760EA /* POXMapping.h */,
				79BAE5D90EC1EAB7004760EA /* POXMapping.m */,
				79BAE5DA0EC1EAB7004760EA /* POXMappingUtil.h */,
				79BAE5DB0EC1EAB7004760EA /* POXMappingUtil.m */,
				79BAE5DC0EC1EAB7004760EA /* SelfDescribing.h */,
				79BAE5DD0EC1EAB7004760EA /* SelfDescribing.m */,
			);
			path = Mapping;
			sourceTree = "<group>";
		};
		79BAE5DE0EC1EAB7004760EA /* DB */ = {
			isa = PBXGroup;
			children = (
				79BAE5DF0EC1EAB7004760EA /* DB.h */,
				79BAE5E00EC1EAB7004760EA /* DB.m */,
				79BAE5E10EC1EAB7004760EA /* DBObject.h */,
				79BAE5E20EC1EAB7004760EA /* DBObject.m */,
				79BAE5E50EC1EAB7004760EA /* NSNumber+DB.h */,
				79BAE5E60EC1EAB7004760EA /* NSNumber+DB.m */,
				79BAE5E70EC1EAB7004760EA /* NSString+DB.h */,
				79BAE5E80EC1EAB7004760EA /* NSString+DB.m */,
			);
			path = DB;
			sourceTree = "<group>";
		};
		79BAE5E90EC1EAB7004760EA /* Web */ = {
			isa = PBXGroup;
			children = (
				B45054D50FD5194B00A10092 /* WebParams.h */,
				B45054D60FD5194B00A10092 /* WebParams.m */,
				79BAE5EA0EC1EAB7004760EA /* RESTService.h */,
				79BAE5EB0EC1EAB7004760EA /* RESTService.m */,
				B45054D90FD5196200A10092 /* NSString+Web.h */,
				B45054DA0FD5196200A10092 /* NSString+Web.m */,
			);
			path = Web;
			sourceTree = "<group>";
		};
		B4D5B2AA0F73AFAA008021D6 /* Async */ = {
			isa = PBXGroup;
			children = (
				B4D5B2AB0F73AFAA008021D6 /* AsyncObject.h */,
				B4D5B2AC0F73AFAA008021D6 /* AsyncObject.m */,
				B4D5B2AD0F73AFAA008021D6 /* UIBlockingAsyncObject.h */,
				B4D5B2AE0F73AFAA008021D6 /* UIBlockingAsyncObject.m */,
				B4D5B2AF0F73AFAA008021D6 /* UIBlockingView.h */,
			);
			path = Async;
			sourceTree = "<group>";
		};
/* End PBXGroup section */

/* Begin PBXHeadersBuildPhase section */
		79096D440E97CB5D0081A012 /* Headers */ = {
			isa = PBXHeadersBuildPhase;
			buildActionMask = 2147483647;
			files = (
				79427DE20E9A13E600E8F7F9 /* NSString+Utils.h in Headers */,
				791FBA8C0EA406660068A8FE /* NSData+Utils.h in Headers */,
				79BAE5CC0EC1EA9E004760EA /* NSArray+Utils.h in Headers */,
				79BAE5CE0EC1EA9E004760EA /* NSError+Utils.h in Headers */,
				79BAE5D00EC1EA9E004760EA /* NSMutableArray+Utils.h in Headers */,
				79BAE5D20EC1EA9E004760EA /* NSObject+Utils.h in Headers */,
				79BAE5D40EC1EA9E004760EA /* UIApplication+Utils.h in Headers */,
				79BAE5EC0EC1EAB7004760EA /* ClassMetadata.h in Headers */,
				79BAE5ED0EC1EAB7004760EA /* POXMapping.h in Headers */,
				79BAE5EF0EC1EAB7004760EA /* POXMappingUtil.h in Headers */,
				79BAE5F10EC1EAB7004760EA /* SelfDescribing.h in Headers */,
				79BAE5F30EC1EAB7004760EA /* DB.h in Headers */,
				79BAE5F50EC1EAB7004760EA /* DBObject.h in Headers */,
				79BAE5F90EC1EAB7004760EA /* NSNumber+DB.h in Headers */,
				79BAE5FB0EC1EAB7004760EA /* NSString+DB.h in Headers */,
				79BAE5FD0EC1EAB7004760EA /* RESTService.h in Headers */,
				79BC74550EE044B50058ADAA /* UIWebView+Utils.h in Headers */,
				0956EB0B0F408BFC0096310E /* CollectionWindow.h in Headers */,
				0956EB0D0F408BFC0096310E /* CommonUtils.h in Headers */,
				0956EB0E0F408BFC0096310E /* NSBundle+Utils.h in Headers */,
				0956EB100F408BFC0096310E /* NSUserDefaults+Utils.h in Headers */,
				0956EB120F408BFC0096310E /* RegexKitLite.h in Headers */,
				0956F1550F4455C80096310E /* UITableViewCell+NIB.h in Headers */,
				0956F16A0F4455F60096310E /* FormCell.h in Headers */,
				0956F16C0F4455F60096310E /* FormController.h in Headers */,
				0956F16E0F4455F60096310E /* FormFieldDescriptor.h in Headers */,
				0956F1700F4455F60096310E /* FormTableController.h in Headers */,
				0956F1720F4455F60096310E /* SelectionController.h in Headers */,
				0956F1740F4455F60096310E /* TextFieldCell.h in Headers */,
				0956F1760F4455F60096310E /* StaticFormCell.h in Headers */,
				0956F17A0F4455F60096310E /* TextEditController.h in Headers */,
				0992D1D70F55989D00EA42BF /* UIView+Utils.h in Headers */,
				DAC946800F66643600CDAD3C /* XMLWriter.h in Headers */,
				B4D5B2B00F73AFAA008021D6 /* AsyncObject.h in Headers */,
				B4D5B2B20F73AFAA008021D6 /* UIBlockingAsyncObject.h in Headers */,
				B4D5B2B40F73AFAA008021D6 /* UIBlockingView.h in Headers */,
				8B6CFB560F8E39CB00E85F08 /* UIView+Rotation.h in Headers */,
				B4C7F8350FCFC8050088D297 /* CGGeometry+Utils.h in Headers */,
				B4C7F8370FCFC8050088D297 /* NSArray+Graphics.h in Headers */,
				B4C7F8390FCFC8050088D297 /* NSCoding.h in Headers */,
				B4C7F83A0FCFC8050088D297 /* NSDate+Utils.h in Headers */,
				B4C7F83C0FCFC8050088D297 /* UIAlertView+Utils.h in Headers */,
				B4C7F83E0FCFC8050088D297 /* UIImage+Utils.h in Headers */,
				B45054D70FD5194B00A10092 /* WebParams.h in Headers */,
				B45054DB0FD5196200A10092 /* NSString+Web.h in Headers */,
				B45054E50FD51A1200A10092 /* NSData+Base64.h in Headers */,
				B4130A6D101740FF006EFD10 /* NSObject+Invocation.h in Headers */,
				B42A6205102058D2002C0329 /* NSData+MD5.h in Headers */,
				B42CD2F510B5B3F0003E57F0 /* PagerController.h in Headers */,
			);
			runOnlyForDeploymentPostprocessing = 0;
		};
/* End PBXHeadersBuildPhase section */

/* Begin PBXNativeTarget section */
		79096D470E97CB5D0081A012 /* common */ = {
			isa = PBXNativeTarget;
			buildConfigurationList = 79096D500E97CB730081A012 /* Build configuration list for PBXNativeTarget "common" */;
			buildPhases = (
				79096D440E97CB5D0081A012 /* Headers */,
				79096D450E97CB5D0081A012 /* Sources */,
				79096D460E97CB5D0081A012 /* Frameworks */,
			);
			buildRules = (
			);
			dependencies = (
			);
			name = common;
			productName = common;
			productReference = 79096D480E97CB5D0081A012 /* libcommon.a */;
			productType = "com.apple.product-type.library.static";
		};
/* End PBXNativeTarget section */

/* Begin PBXProject section */
		29B97313FDCFA39411CA2CEA /* Project object */ = {
			isa = PBXProject;
			buildConfigurationList = C01FCF4E08A954540054247B /* Build configuration list for PBXProject "common" */;
			compatibilityVersion = "Xcode 3.1";
			hasScannedForEncodings = 1;
			mainGroup = 29B97314FDCFA39411CA2CEA /* CustomTemplate */;
			projectDirPath = "";
			projectRoot = "";
			targets = (
				79096D470E97CB5D0081A012 /* common */,
			);
		};
/* End PBXProject section */

/* Begin PBXSourcesBuildPhase section */
		79096D450E97CB5D0081A012 /* Sources */ = {
			isa = PBXSourcesBuildPhase;
			buildActionMask = 2147483647;
			files = (
				79BD32090E9935AF0039C25A /* NSString+Utils.m in Sources */,
				791FBA8D0EA406660068A8FE /* NSData+Utils.m in Sources */,
				79BAE5CD0EC1EA9E004760EA /* NSArray+Utils.m in Sources */,
				79BAE5CF0EC1EA9E004760EA /* NSError+Utils.m in Sources */,
				79BAE5D10EC1EA9E004760EA /* NSMutableArray+Utils.m in Sources */,
				79BAE5D30EC1EA9E004760EA /* NSObject+Utils.m in Sources */,
				79BAE5D50EC1EA9E004760EA /* UIApplication+Utils.m in Sources */,
				79BAE5EE0EC1EAB7004760EA /* POXMapping.m in Sources */,
				79BAE5F00EC1EAB7004760EA /* POXMappingUtil.m in Sources */,
				79BAE5F20EC1EAB7004760EA /* SelfDescribing.m in Sources */,
				79BAE5F40EC1EAB7004760EA /* DB.m in Sources */,
				79BAE5F60EC1EAB7004760EA /* DBObject.m in Sources */,
				79BAE5FA0EC1EAB7004760EA /* NSNumber+DB.m in Sources */,
				79BAE5FC0EC1EAB7004760EA /* NSString+DB.m in Sources */,
				79BAE5FE0EC1EAB7004760EA /* RESTService.m in Sources */,
				79BC74540EE044B50058ADAA /* UIWebView+Utils.m in Sources */,
				0956EB0C0F408BFC0096310E /* CollectionWindow.m in Sources */,
				0956EB0F0F408BFC0096310E /* NSBundle+Utils.m in Sources */,
				0956EB110F408BFC0096310E /* NSUserDefaults+Utils.m in Sources */,
				0956EB130F408BFC0096310E /* RegexKitLite.m in Sources */,
				0956F1560F4455C80096310E /* UITableViewCell+NIB.m in Sources */,
				0956F16B0F4455F60096310E /* FormCell.m in Sources */,
				0956F16D0F4455F60096310E /* FormController.m in Sources */,
				0956F16F0F4455F60096310E /* FormFieldDescriptor.m in Sources */,
				0956F1710F4455F60096310E /* FormTableController.m in Sources */,
				0956F1730F4455F60096310E /* SelectionController.m in Sources */,
				0956F1750F4455F60096310E /* TextFieldCell.m in Sources */,
				0956F1770F4455F60096310E /* StaticFormCell.m in Sources */,
				0956F17B0F4455F60096310E /* TextEditController.m in Sources */,
				0992D1D80F55989D00EA42BF /* UIView+Utils.m in Sources */,
				DAC946810F66643600CDAD3C /* XMLWriter.m in Sources */,
				B4D5B2B10F73AFAA008021D6 /* AsyncObject.m in Sources */,
				B4D5B2B30F73AFAA008021D6 /* UIBlockingAsyncObject.m in Sources */,
				8B6CFB550F8E39CB00E85F08 /* UIView+Rotation.m in Sources */,
				B4C7F8360FCFC8050088D297 /* CGGeometry+Utils.m in Sources */,
				B4C7F8380FCFC8050088D297 /* NSArray+Graphics.m in Sources */,
				B4C7F83B0FCFC8050088D297 /* NSDate+Utils.m in Sources */,
				B4C7F83D0FCFC8050088D297 /* UIAlertView+Utils.m in Sources */,
				B4C7F83F0FCFC8050088D297 /* UIImage+Utils.m in Sources */,
				B45054D80FD5194B00A10092 /* WebParams.m in Sources */,
				B45054DC0FD5196200A10092 /* NSString+Web.m in Sources */,
				B45054E60FD51A1200A10092 /* NSData+Base64.m in Sources */,
				B4130A6E101740FF006EFD10 /* NSObject+Invocation.m in Sources */,
				B42A6206102058D2002C0329 /* NSData+MD5.m in Sources */,
				B42CD2F610B5B3F0003E57F0 /* PagerController.m in Sources */,
			);
			runOnlyForDeploymentPostprocessing = 0;
		};
/* End PBXSourcesBuildPhase section */

/* Begin XCBuildConfiguration section */
		79096D490E97CB5D0081A012 /* Debug */ = {
			isa = XCBuildConfiguration;
			buildSettings = {
				ALWAYS_SEARCH_USER_PATHS = NO;
				COPY_PHASE_STRIP = NO;
				GCC_DYNAMIC_NO_PIC = NO;
				GCC_OPTIMIZATION_LEVEL = 0;
				PREBINDING = NO;
				PRODUCT_NAME = common;
			};
			name = Debug;
		};
		79096D4A0E97CB5D0081A012 /* Release */ = {
			isa = XCBuildConfiguration;
			buildSettings = {
				ALWAYS_SEARCH_USER_PATHS = NO;
				COPY_PHASE_STRIP = YES;
				DEBUG_INFORMATION_FORMAT = "dwarf-with-dsym";
				GCC_ENABLE_FIX_AND_CONTINUE = NO;
				PREBINDING = NO;
				PRODUCT_NAME = common;
				ZERO_LINK = NO;
			};
			name = Release;
		};
		C01FCF4F08A954540054247B /* Debug */ = {
			isa = XCBuildConfiguration;
			buildSettings = {
				ARCHS = "$(ARCHS_STANDARD_32_BIT)";
				"CODE_SIGN_IDENTITY[sdk=iphoneos*]" = "iPhone Developer";
				GCC_C_LANGUAGE_STANDARD = c99;
				GCC_WARN_ABOUT_RETURN_TYPE = YES;
				GCC_WARN_UNUSED_VARIABLE = YES;
				LD_DYLIB_INSTALL_NAME = libcommon.a;
				MACH_O_TYPE = staticlib;
				ONLY_ACTIVE_ARCH = YES;
				PREBINDING = NO;
				PUBLIC_HEADERS_FOLDER_PATH = Headers;
				SDKROOT = iphoneos2.1;
			};
			name = Debug;
		};
		C01FCF5008A954540054247B /* Release */ = {
			isa = XCBuildConfiguration;
			buildSettings = {
				ARCHS = "$(ARCHS_STANDARD_32_BIT)";
				"CODE_SIGN_IDENTITY[sdk=iphoneos*]" = "iPhone Developer";
				GCC_C_LANGUAGE_STANDARD = c99;
				GCC_WARN_ABOUT_RETURN_TYPE = YES;
				GCC_WARN_UNUSED_VARIABLE = YES;
				ONLY_ACTIVE_ARCH = YES;
				PREBINDING = NO;
				SDKROOT = iphoneos2.1;
			};
			name = Release;
		};
/* End XCBuildConfiguration section */

/* Begin XCConfigurationList section */
		79096D500E97CB730081A012 /* Build configuration list for PBXNativeTarget "common" */ = {
			isa = XCConfigurationList;
			buildConfigurations = (
				79096D490E97CB5D0081A012 /* Debug */,
				79096D4A0E97CB5D0081A012 /* Release */,
			);
			defaultConfigurationIsVisible = 0;
			defaultConfigurationName = Release;
		};
		C01FCF4E08A954540054247B /* Build configuration list for PBXProject "common" */ = {
			isa = XCConfigurationList;
			buildConfigurations = (
				C01FCF4F08A954540054247B /* Debug */,
				C01FCF5008A954540054247B /* Release */,
			);
			defaultConfigurationIsVisible = 0;
			defaultConfigurationName = Release;
		};
/* End XCConfigurationList section */
	};
	rootObject = 29B97313FDCFA39411CA2CEA /* Project object */;
}
